{
  "version": 4,
  "terraform_version": "0.12.2",
  "serial": 3,
  "lineage": "423546a2-cfc7-bfbb-9610-244300c989e9",
  "outputs": {},
  "resources": [
    {
      "mode": "managed",
      "type": "aws_vpc",
      "name": "vpc-1",
      "provider": "provider.aws",
      "instances": [
        {
          "schema_version": 1,
          "attributes": {
            "arn": "arn:aws:ec2:ap-northeast-1:162034130559:vpc/vpc-06b13f56a14127236",
            "assign_generated_ipv6_cidr_block": false,
            "cidr_block": "10.0.0.0/16",
            "default_network_acl_id": "acl-0a3db5e9f6f607c83",
            "default_route_table_id": "rtb-0081737f2f1f7b83f",
            "default_security_group_id": "sg-0f3983be5d9bc4645",
            "dhcp_options_id": "dopt-927df8f5",
            "enable_classiclink": false,
            "enable_classiclink_dns_support": false,
            "enable_dns_hostnames": false,
            "enable_dns_support": true,
            "id": "vpc-06b13f56a14127236",
            "instance_tenancy": "default",
            "ipv6_association_id": "",
            "ipv6_cidr_block": "",
            "main_route_table_id": "rtb-0081737f2f1f7b83f",
            "owner_id": "162034130559",
            "tags": {
              "Name": "vpc-1"
            }
          },
          "private": "eyJzY2hlbWFfdmVyc2lvbiI6IjEifQ=="
        }
      ]
    }
  ]
}
